
Microsoft Visual Studio Solution File, Format Version 12.00
# Visual Studio Version 16
VisualStudioVersion = 16.0.30114.105
MinimumVisualStudioVersion = 10.0.40219.1
Project("{FAE04EC0-301F-11D3-BF4B-00C04F79EFBC}") = "Server", "Server\Server.csproj", "{3AC4036F-DC0D-45F0-9CF9-09A268F09FE9}"
EndProject
Project("{FAE04EC0-301F-11D3-BF4B-00C04F79EFBC}") = "DBAcademy", "DBAcademy\DBAcademy.csproj", "{19B28B20-16ED-4398-A1A6-479D02EBFB50}"
EndProject
Project("{FAE04EC0-301F-11D3-BF4B-00C04F79EFBC}") = "TestCreator", "TestCreator\TestCreator.csproj", "{675AFF6A-32A0-45A1-885D-6B45E346450F}"
EndProject
Project("{FAE04EC0-301F-11D3-BF4B-00C04F79EFBC}") = "testSystemClient", "testSystemClient\testSystemClient.csproj", "{B6D07976-9B0E-4816-B20C-CEBE76DF6C1E}"
EndProject
Global
	GlobalSection(SolutionConfigurationPlatforms) = preSolution
		Debug|Any CPU = Debug|Any CPU
		Release|Any CPU = Release|Any CPU
	EndGlobalSection
	GlobalSection(ProjectConfigurationPlatforms) = postSolution
		{3AC4036F-DC0D-45F0-9CF9-09A268F09FE9}.Debug|Any CPU.ActiveCfg = Debug|Any CPU
		{3AC4036F-DC0D-45F0-9CF9-09A268F09FE9}.Debug|Any CPU.Build.0 = Debug|Any CPU
		{3AC4036F-DC0D-45F0-9CF9-09A268F09FE9}.Release|Any CPU.ActiveCfg = Release|Any CPU
		{3AC4036F-DC0D-45F0-9CF9-09A268F09FE9}.Release|Any CPU.Build.0 = Release|Any CPU
		{19B28B20-16ED-4398-A1A6-479D02EBFB50}.Debug|Any CPU.ActiveCfg = Debug|Any CPU
		{19B28B20-16ED-4398-A1A6-479D02EBFB50}.Debug|Any CPU.Build.0 = Debug|Any CPU
		{19B28B20-16ED-4398-A1A6-479D02EBFB50}.Release|Any CPU.ActiveCfg = Release|Any CPU
		{19B28B20-16ED-4398-A1A6-479D02EBFB50}.Release|Any CPU.Build.0 = Release|Any CPU
		{675AFF6A-32A0-45A1-885D-6B45E346450F}.Debug|Any CPU.ActiveCfg = Debug|Any CPU
		{675AFF6A-32A0-45A1-885D-6B45E346450F}.Debug|Any CPU.Build.0 = Debug|Any CPU
		{675AFF6A-32A0-45A1-885D-6B45E346450F}.Release|Any CPU.ActiveCfg = Release|Any CPU
		{675AFF6A-32A0-45A1-885D-6B45E346450F}.Release|Any CPU.Build.0 = Release|Any CPU
		{B6D07976-9B0E-4816-B20C-CEBE76DF6C1E}.Debug|Any CPU.ActiveCfg = Debug|Any CPU
		{B6D07976-9B0E-4816-B20C-CEBE76DF6C1E}.Debug|Any CPU.Build.0 = Debug|Any CPU
		{B6D07976-9B0E-4816-B20C-CEBE76DF6C1E}.Release|Any CPU.ActiveCfg = Release|Any CPU
		{B6D07976-9B0E-4816-B20C-CEBE76DF6C1E}.Release|Any CPU.Build.0 = Release|Any CPU
	EndGlobalSection
	GlobalSection(SolutionProperties) = preSolution
		HideSolutionNode = FALSE
	EndGlobalSection
	GlobalSection(ExtensibilityGlobals) = postSolution
		SolutionGuid = {C3920722-A2D0-4F1A-842F-2A0E5B521773}
	EndGlobalSection
EndGlobal
